// !$*UTF8*$!
{
	archiveVersion = 1;
	classes = {
	};
	objectVersion = 46;
	objects = {

/* Begin PBXBuildFile section */
		591E764A1CDD6F4A000AAC75 /* AppDelegate.swift in Sources */ = {isa = PBXBuildFile; fileRef = 591E76491CDD6F4A000AAC75 /* AppDelegate.swift */; };
		591E764C1CDD6F4A000AAC75 /* ViewController.swift in Sources */ = {isa = PBXBuildFile; fileRef = 591E764B1CDD6F4A000AAC75 /* ViewController.swift */; };
		591E764F1CDD6F4A000AAC75 /* Main.storyboard in Resources */ = {isa = PBXBuildFile; fileRef = 591E764D1CDD6F4A000AAC75 /* Main.storyboard */; };
		591E76511CDD6F4A000AAC75 /* Assets.xcassets in Resources */ = {isa = PBXBuildFile; fileRef = 591E76501CDD6F4A000AAC75 /* Assets.xcassets */; };
		591E76541CDD6F4A000AAC75 /* LaunchScreen.storyboard in Resources */ = {isa = PBXBuildFile; fileRef = 591E76521CDD6F4A000AAC75 /* LaunchScreen.storyboard */; };
		59CA62A81CE40E84006F75FD /* RestaurantListTableViewController.swift in Sources */ = {isa = PBXBuildFile; fileRef = 59CA62A71CE40E84006F75FD /* RestaurantListTableViewController.swift */; };
		59DB5A341CE4201B00E79EF2 /* RestaurantTableViewCell.swift in Sources */ = {isa = PBXBuildFile; fileRef = 59DB5A331CE4201B00E79EF2 /* RestaurantTableViewCell.swift */; };
		59DDF9B31CDE3096008BE32F /* DetailTableViewController.swift in Sources */ = {isa = PBXBuildFile; fileRef = 59DDF9B21CDE3096008BE32F /* DetailTableViewController.swift */; };
		59DDF9B61CDE4679008BE32F /* Restaurant.swift in Sources */ = {isa = PBXBuildFile; fileRef = 59DDF9B51CDE4679008BE32F /* Restaurant.swift */; };
/* End PBXBuildFile section */

/* Begin PBXFileReference section */
		591E76461CDD6F49000AAC75 /* Restaurants.app */ = {isa = PBXFileReference; explicitFileType = wrapper.application; includeInIndex = 0; path = Restaurants.app; sourceTree = BUILT_PRODUCTS_DIR; };
		591E76491CDD6F4A000AAC75 /* AppDelegate.swift */ = {isa = PBXFileReference; lastKnownFileType = sourcecode.swift; path = AppDelegate.swift; sourceTree = "<group>"; };
		591E764B1CDD6F4A000AAC75 /* ViewController.swift */ = {isa = PBXFileReference; lastKnownFileType = sourcecode.swift; path = ViewController.swift; sourceTree = "<group>"; };
		591E764E1CDD6F4A000AAC75 /* Base */ = {isa = PBXFileReference; lastKnownFileType = file.storyboard; name = Base; path = Base.lproj/Main.storyboard; sourceTree = "<group>"; };
		591E76501CDD6F4A000AAC75 /* Assets.xcassets */ = {isa = PBXFileReference; lastKnownFileType = folder.assetcatalog; path = Assets.xcassets; sourceTree = "<group>"; };
		591E76531CDD6F4A000AAC75 /* Base */ = {isa = PBXFileReference; lastKnownFileType = file.storyboard; name = Base; path = Base.lproj/LaunchScreen.storyboard; sourceTree = "<group>"; };
		591E76551CDD6F4A000AAC75 /* Info.plist */ = {isa = PBXFileReference; lastKnownFileType = text.plist.xml; path = Info.plist; sourceTree = "<group>"; };
		59CA62A71CE40E84006F75FD /* RestaurantListTableViewController.swift */ = {isa = PBXFileReference; fileEncoding = 4; lastKnownFileType = sourcecode.swift; name = RestaurantListTableViewController.swift; path = Controllers/RestaurantListTableViewController.swift; sourceTree = "<group>"; };
		59DB5A331CE4201B00E79EF2 /* RestaurantTableViewCell.swift */ = {isa = PBXFileReference; fileEncoding = 4; lastKnownFileType = sourcecode.swift; name = RestaurantTableViewCell.swift; path = Views/RestaurantTableViewCell.swift; sourceTree = "<group>"; };
		59DDF9B21CDE3096008BE32F /* DetailTableViewController.swift */ = {isa = PBXFileReference; fileEncoding = 4; lastKnownFileType = sourcecode.swift; name = DetailTableViewController.swift; path = Controllers/DetailTableViewController.swift; sourceTree = "<group>"; };
		59DDF9B51CDE4679008BE32F /* Restaurant.swift */ = {isa = PBXFileReference; fileEncoding = 4; lastKnownFileType = sourcecode.swift; name = Restaurant.swift; path = Models/Restaurant.swift; sourceTree = "<group>"; };
/* End PBXFileReference section */

/* Begin PBXFrameworksBuildPhase section */
		591E76431CDD6F49000AAC75 /* Frameworks */ = {
			isa = PBXFrameworksBuildPhase;
			buildActionMask = 2147483647;
			files = (
			);
			runOnlyForDeploymentPostprocessing = 0;
		};
/* End PBXFrameworksBuildPhase section */

/* Begin PBXGroup section */
		591E763D1CDD6F49000AAC75 = {
			isa = PBXGroup;
			children = (
				591E76481CDD6F4A000AAC75 /* Restaurants */,
				591E76471CDD6F49000AAC75 /* Products */,
			);
			sourceTree = "<group>";
		};
		591E76471CDD6F49000AAC75 /* Products */ = {
			isa = PBXGroup;
			children = (
				591E76461CDD6F49000AAC75 /* Restaurants.app */,
			);
			name = Products;
			sourceTree = "<group>";
		};
		591E76481CDD6F4A000AAC75 /* Restaurants */ = {
			isa = PBXGroup;
			children = (
				591E76491CDD6F4A000AAC75 /* AppDelegate.swift */,
				591E764B1CDD6F4A000AAC75 /* ViewController.swift */,
				591E764D1CDD6F4A000AAC75 /* Main.storyboard */,
				591E76501CDD6F4A000AAC75 /* Assets.xcassets */,
				591E76521CDD6F4A000AAC75 /* LaunchScreen.storyboard */,
				591E76551CDD6F4A000AAC75 /* Info.plist */,
				59DDF9B41CDE30B8008BE32F /* Controllers */,
				59DDF9B71CDE468A008BE32F /* Models */,
				59DB5A351CE4201F00E79EF2 /* Views */,
			);
			path = Restaurants;
			sourceTree = "<group>";
		};
		59DB5A351CE4201F00E79EF2 /* Views */ = {
			isa = PBXGroup;
			children = (
				59DB5A331CE4201B00E79EF2 /* RestaurantTableViewCell.swift */,
			);
			name = Views;
			sourceTree = "<group>";
		};
		59DDF9B41CDE30B8008BE32F /* Controllers */ = {
			isa = PBXGroup;
			children = (
				59DDF9B21CDE3096008BE32F /* DetailTableViewController.swift */,
				59CA62A71CE40E84006F75FD /* RestaurantListTableViewController.swift */,
			);
			name = Controllers;
			sourceTree = "<group>";
		};
		59DDF9B71CDE468A008BE32F /* Models */ = {
			isa = PBXGroup;
			children = (
				59DDF9B51CDE4679008BE32F /* Restaurant.swift */,
			);
			name = Models;
			sourceTree = "<group>";
		};
/* End PBXGroup section */

/* Begin PBXNativeTarget section */
		591E76451CDD6F49000AAC75 /* Restaurants */ = {
			isa = PBXNativeTarget;
			buildConfigurationList = 591E76581CDD6F4A000AAC75 /* Build configuration list for PBXNativeTarget "Restaurants" */;
			buildPhases = (
				591E76421CDD6F49000AAC75 /* Sources */,
				591E76431CDD6F49000AAC75 /* Frameworks */,
				591E76441CDD6F49000AAC75 /* Resources */,
			);
			buildRules = (
			);
			dependencies = (
			);
			name = Restaurants;
			productName = Restaurants;
			productReference = 591E76461CDD6F49000AAC75 /* Restaurants.app */;
			productType = "com.apple.product-type.application";
		};
/* End PBXNativeTarget section */

/* Begin PBXProject section */
		591E763E1CDD6F49000AAC75 /* Project object */ = {
			isa = PBXProject;
			attributes = {
				LastSwiftUpdateCheck = 0730;
				LastUpgradeCheck = 0730;
				ORGANIZATIONNAME = EAFIT;
				TargetAttributes = {
					591E76451CDD6F49000AAC75 = {
						CreatedOnToolsVersion = 7.3;
					};
				};
			};
			buildConfigurationList = 591E76411CDD6F49000AAC75 /* Build configuration list for PBXProject "Restaurants" */;
			compatibilityVersion = "Xcode 3.2";
			developmentRegion = English;
			hasScannedForEncodings = 0;
			knownRegions = (
				en,
				Base,
			);
			mainGroup = 591E763D1CDD6F49000AAC75;
			productRefGroup = 591E76471CDD6F49000AAC75 /* Products */;
			projectDirPath = "";
			projectRoot = "";
			targets = (
				591E76451CDD6F49000AAC75 /* Restaurants */,
			);
		};
/* End PBXProject section */

/* Begin PBXResourcesBuildPhase section */
		591E76441CDD6F49000AAC75 /* Resources */ = {
			isa = PBXResourcesBuildPhase;
			buildActionMask = 2147483647;
			files = (
				591E76541CDD6F4A000AAC75 /* LaunchScreen.storyboard in Resources */,
				591E76511CDD6F4A000AAC75 /* Assets.xcassets in Resources */,
				591E764F1CDD6F4A000AAC75 /* Main.storyboard in Resources */,
			);
			runOnlyForDeploymentPostprocessing = 0;
		};
/* End PBXResourcesBuildPhase section */

/* Begin PBXSourcesBuildPhase section */
		591E76421CDD6F49000AAC75 /* Sources */ = {
			isa = PBXSourcesBuildPhase;
			buildActionMask = 2147483647;
			files = (
				59DDF9B61CDE4679008BE32F /* Restaurant.swift in Sources */,
				59DDF9B31CDE3096008BE32F /* DetailTableViewController.swift in Sources */,
				59CA62A81CE40E84006F75FD /* RestaurantListTableViewController.swift in Sources */,
				591E764C1CDD6F4A000AAC75 /* ViewController.swift in Sources */,
				59DB5A341CE4201B00E79EF2 /* RestaurantTableViewCell.swift in Sources */,
				591E764A1CDD6F4A000AAC75 /* AppDelegate.swift in Sources */,
			);
			runOnlyForDeploymentPostprocessing = 0;
		};
/* End PBXSourcesBuildPhase section */

/* Begin PBXVariantGroup section */
		591E764D1CDD6F4A000AAC75 /* Main.storyboard */ = {
			isa = PBXVariantGroup;
			children = (
				591E764E1CDD6F4A000AAC75 /* Base */,
			);
			name = Main.storyboard;
			sourceTree = "<group>";
		};
		591E76521CDD6F4A000AAC75 /* LaunchScreen.storyboard */ = {
			isa = PBXVariantGroup;
			children = (
				591E76531CDD6F4A000AAC75 /* Base */,
			);
			name = LaunchScreen.storyboard;
			sourceTree = "<group>";
		};
/* End PBXVariantGroup section */

/* Begin XCBuildConfiguration section */
		591E76561CDD6F4A000AAC75 /* Debug */ = {
			isa = XCBuildConfiguration;
			buildSettings = {
				ALWAYS_SEARCH_USER_PATHS = NO;
				CLANG_ANALYZER_NONNULL = YES;
				CLANG_CXX_LANGUAGE_STANDARD = "gnu++0x";
				CLANG_CXX_LIBRARY = "libc++";
				CLANG_ENABLE_MODULES = YES;
				CLANG_ENABLE_OBJC_ARC = YES;
				CLANG_WARN_BOOL_CONVERSION = YES;
				CLANG_WARN_CONSTANT_CONVERSION = YES;
				CLANG_WARN_DIRECT_OBJC_ISA_USAGE = YES_ERROR;
				CLANG_WARN_EMPTY_BODY = YES;
				CLANG_WARN_ENUM_CONVERSION = YES;
				CLANG_WARN_INT_CONVERSION = YES;
				CLANG_WARN_OBJC_ROOT_CLASS = YES_ERROR;
				CLANG_WARN_UNREACHABLE_CODE = YES;
				CLANG_WARN__DUPLICATE_METHOD_MATCH = YES;
				"CODE_SIGN_IDENTITY[sdk=iphoneos*]" = "iPhone Developer";
				COPY_PHASE_STRIP = NO;
				DEBUG_INFORMATION_FORMAT = dwarf;
				ENABLE_STRICT_OBJC_MSGSEND = YES;
				ENABLE_TESTABILITY = YES;
				GCC_C_LANGUAGE_STANDARD = gnu99;
				GCC_DYNAMIC_NO_PIC = NO;
				GCC_NO_COMMON_BLOCKS = YES;
				GCC_OPTIMIZATION_LEVEL = 0;
				GCC_PREPROCESSOR_DEFINITIONS = (
					"DEBUG=1",
					"$(inherited)",
				);
				GCC_WARN_64_TO_32_BIT_CONVERSION = YES;
				GCC_WARN_ABOUT_RETURN_TYPE = YES_ERROR;
				GCC_WARN_UNDECLARED_SELECTOR = YES;
				GCC_WARN_UNINITIALIZED_AUTOS = YES_AGGRESSIVE;
				GCC_WARN_UNUSED_FUNCTION = YES;
				GCC_WARN_UNUSED_VARIABLE = YES;
				IPHONEOS_DEPLOYMENT_TARGET = 9.3;
				MTL_ENABLE_DEBUG_INFO = YES;
				ONLY_ACTIVE_ARCH = YES;
				SDKROOT = iphoneos;
				SWIFT_OPTIMIZATION_LEVEL = "-Onone";
				TARGETED_DEVICE_FAMILY = "1,2";
			};
			name = Debug;
		};
		591E76571CDD6F4A000AAC75 /* Release */ = {
			isa = XCBuildConfiguration;
			buildSettings = {
				ALWAYS_SEARCH_USER_PATHS = NO;
				CLANG_ANALYZER_NONNULL = YES;
				CLANG_CXX_LANGUAGE_STANDARD = "gnu++0x";
				CLANG_CXX_LIBRARY = "libc++";
				CLANG_ENABLE_MODULES = YES;
				CLANG_ENABLE_OBJC_ARC = YES;
				CLANG_WARN_BOOL_CONVERSION = YES;
				CLANG_WARN_CONSTANT_CONVERSION = YES;
				CLANG_WARN_DIRECT_OBJC_ISA_USAGE = YES_ERROR;
				CLANG_WARN_EMPTY_BODY = YES;
				CLANG_WARN_ENUM_CONVERSION = YES;
				CLANG_WARN_INT_CONVERSION = YES;
				CLANG_WARN_OBJC_ROOT_CLASS = YES_ERROR;
				CLANG_WARN_UNREACHABLE_CODE = YES;
				CLANG_WARN__DUPLICATE_METHOD_MATCH = YES;
				"CODE_SIGN_IDENTITY[sdk=iphoneos*]" = "iPhone Developer";
				COPY_PHASE_STRIP = NO;
				DEBUG_INFORMATION_FORMAT = "dwarf-with-dsym";
				ENABLE_NS_ASSERTIONS = NO;
				ENABLE_STRICT_OBJC_MSGSEND = YES;
				GCC_C_LANGUAGE_STANDARD = gnu99;
				GCC_NO_COMMON_BLOCKS = YES;
				GCC_WARN_64_TO_32_BIT_CONVERSION = YES;
				GCC_WARN_ABOUT_RETURN_TYPE = YES_ERROR;
				GCC_WARN_UNDECLARED_SELECTOR = YES;
				GCC_WARN_UNINITIALIZED_AUTOS = YES_AGGRESSIVE;
				GCC_WARN_UNUSED_FUNCTION = YES;
				GCC_WARN_UNUSED_VARIABLE = YES;
				IPHONEOS_DEPLOYMENT_TARGET = 9.3;
				MTL_ENABLE_DEBUG_INFO = NO;
				SDKROOT = iphoneos;
				TARGETED_DEVICE_FAMILY = "1,2";
				VALIDATE_PRODUCT = YES;
			};
			name = Release;
		};
		591E76591CDD6F4A000AAC75 /* Debug */ = {
			isa = XCBuildConfiguration;
			buildSettings = {
				ASSETCATALOG_COMPILER_APPICON_NAME = AppIcon;
				INFOPLIST_FILE = Restaurants/Info.plist;
				LD_RUNPATH_SEARCH_PATHS = "$(inherited) @executable_path/Frameworks";
				PRODUCT_BUNDLE_IDENTIFIER = co.edu.eafit.ios.Restaurants;
				PRODUCT_NAME = "$(TARGET_NAME)";
			};
			name = Debug;
		};
		591E765A1CDD6F4A000AAC75 /* Release */ = {
			isa = XCBuildConfiguration;
			buildSettings = {
				ASSETCATALOG_COMPILER_APPICON_NAME = AppIcon;
				INFOPLIST_FILE = Restaurants/Info.plist;
				LD_RUNPATH_SEARCH_PATHS = "$(inherited) @executable_path/Frameworks";
				PRODUCT_BUNDLE_IDENTIFIER = co.edu.eafit.ios.Restaurants;
				PRODUCT_NAME = "$(TARGET_NAME)";
			};
			name = Release;
		};
/* End XCBuildConfiguration section */

/* Begin XCConfigurationList section */
		591E76411CDD6F49000AAC75 /* Build configuration list for PBXProject "Restaurants" */ = {
			isa = XCConfigurationList;
			buildConfigurations = (
				591E76561CDD6F4A000AAC75 /* Debug */,
				591E76571CDD6F4A000AAC75 /* Release */,
			);
			defaultConfigurationIsVisible = 0;
			defaultConfigurationName = Release;
		};
		591E76581CDD6F4A000AAC75 /* Build configuration list for PBXNativeTarget "Restaurants" */ = {
			isa = XCConfigurationList;
			buildConfigurations = (
				591E76591CDD6F4A000AAC75 /* Debug */,
				591E765A1CDD6F4A000AAC75 /* Release */,
			);
			defaultConfigurationIsVisible = 0;
			defaultConfigurationName = Release;
		};
/* End XCConfigurationList section */
	};
	rootObject = 591E763E1CDD6F49000AAC75 /* Project object */;
}
