// !$*UTF8*$!
{
	archiveVersion = 1;
	classes = {
	};
	objectVersion = 46;
	objects = {

/* Begin PBXBuildFile section */
		09C0965549D62906D322AE01 /* Pods_Restaurants.framework in Frameworks */ = {isa = PBXBuildFile; fileRef = 6C19C0FD6660E8B62C1ACEC6 /* Pods_Restaurants.framework */; };
		59051BBE1CED7A1100BE5BE4 /* MapViewController.swift in Sources */ = {isa = PBXBuildFile; fileRef = 59051BBD1CED7A1100BE5BE4 /* MapViewController.swift */; };
		59A9480C1CEAD82100DE5508 /* DetailTableViewController.swift in Sources */ = {isa = PBXBuildFile; fileRef = 59A947FF1CEAD82100DE5508 /* DetailTableViewController.swift */; };
		59A9480D1CEAD82100DE5508 /* RestaurantListTableViewController.swift in Sources */ = {isa = PBXBuildFile; fileRef = 59A948001CEAD82100DE5508 /* RestaurantListTableViewController.swift */; };
		59A9480E1CEAD82100DE5508 /* WebpageViewController.swift in Sources */ = {isa = PBXBuildFile; fileRef = 59A948011CEAD82100DE5508 /* WebpageViewController.swift */; };
		59A9480F1CEAD82100DE5508 /* Restaurant.swift in Sources */ = {isa = PBXBuildFile; fileRef = 59A948031CEAD82100DE5508 /* Restaurant.swift */; };
		59A948101CEAD82100DE5508 /* RestaurantModel.swift in Sources */ = {isa = PBXBuildFile; fileRef = 59A948041CEAD82100DE5508 /* RestaurantModel.swift */; };
		59A948111CEAD82100DE5508 /* User.swift in Sources */ = {isa = PBXBuildFile; fileRef = 59A948051CEAD82100DE5508 /* User.swift */; };
		59A948121CEAD82100DE5508 /* UserModel.swift in Sources */ = {isa = PBXBuildFile; fileRef = 59A948061CEAD82100DE5508 /* UserModel.swift */; };
		59A948131CEAD82100DE5508 /* RestaurantService.swift in Sources */ = {isa = PBXBuildFile; fileRef = 59A948081CEAD82100DE5508 /* RestaurantService.swift */; };
		59A948141CEAD82100DE5508 /* UserServices.swift in Sources */ = {isa = PBXBuildFile; fileRef = 59A948091CEAD82100DE5508 /* UserServices.swift */; };
		59A948151CEAD82100DE5508 /* RestaurantTableViewCell.swift in Sources */ = {isa = PBXBuildFile; fileRef = 59A9480B1CEAD82100DE5508 /* RestaurantTableViewCell.swift */; };
		59E40A741CEAD6BF0018F17F /* AppDelegate.swift in Sources */ = {isa = PBXBuildFile; fileRef = 59E40A731CEAD6BF0018F17F /* AppDelegate.swift */; };
		59E40A761CEAD6BF0018F17F /* ViewController.swift in Sources */ = {isa = PBXBuildFile; fileRef = 59E40A751CEAD6BF0018F17F /* ViewController.swift */; };
		59E40A791CEAD6BF0018F17F /* Main.storyboard in Resources */ = {isa = PBXBuildFile; fileRef = 59E40A771CEAD6BF0018F17F /* Main.storyboard */; };
		59E40A7C1CEAD6BF0018F17F /* Restaurants.xcdatamodeld in Sources */ = {isa = PBXBuildFile; fileRef = 59E40A7A1CEAD6BF0018F17F /* Restaurants.xcdatamodeld */; };
		59E40A7E1CEAD6BF0018F17F /* Assets.xcassets in Resources */ = {isa = PBXBuildFile; fileRef = 59E40A7D1CEAD6BF0018F17F /* Assets.xcassets */; };
		59E40A811CEAD6BF0018F17F /* LaunchScreen.storyboard in Resources */ = {isa = PBXBuildFile; fileRef = 59E40A7F1CEAD6BF0018F17F /* LaunchScreen.storyboard */; };
/* End PBXBuildFile section */

/* Begin PBXFileReference section */
		3FB972E6BB07E291908973D5 /* Pods-Restaurants.release.xcconfig */ = {isa = PBXFileReference; includeInIndex = 1; lastKnownFileType = text.xcconfig; name = "Pods-Restaurants.release.xcconfig"; path = "Pods/Target Support Files/Pods-Restaurants/Pods-Restaurants.release.xcconfig"; sourceTree = "<group>"; };
		59051BBD1CED7A1100BE5BE4 /* MapViewController.swift */ = {isa = PBXFileReference; fileEncoding = 4; lastKnownFileType = sourcecode.swift; path = MapViewController.swift; sourceTree = "<group>"; };
		59A947FF1CEAD82100DE5508 /* DetailTableViewController.swift */ = {isa = PBXFileReference; fileEncoding = 4; lastKnownFileType = sourcecode.swift; path = DetailTableViewController.swift; sourceTree = "<group>"; };
		59A948001CEAD82100DE5508 /* RestaurantListTableViewController.swift */ = {isa = PBXFileReference; fileEncoding = 4; lastKnownFileType = sourcecode.swift; path = RestaurantListTableViewController.swift; sourceTree = "<group>"; };
		59A948011CEAD82100DE5508 /* WebpageViewController.swift */ = {isa = PBXFileReference; fileEncoding = 4; lastKnownFileType = sourcecode.swift; path = WebpageViewController.swift; sourceTree = "<group>"; };
		59A948031CEAD82100DE5508 /* Restaurant.swift */ = {isa = PBXFileReference; fileEncoding = 4; lastKnownFileType = sourcecode.swift; path = Restaurant.swift; sourceTree = "<group>"; };
		59A948041CEAD82100DE5508 /* RestaurantModel.swift */ = {isa = PBXFileReference; fileEncoding = 4; lastKnownFileType = sourcecode.swift; path = RestaurantModel.swift; sourceTree = "<group>"; };
		59A948051CEAD82100DE5508 /* User.swift */ = {isa = PBXFileReference; fileEncoding = 4; lastKnownFileType = sourcecode.swift; path = User.swift; sourceTree = "<group>"; };
		59A948061CEAD82100DE5508 /* UserModel.swift */ = {isa = PBXFileReference; fileEncoding = 4; lastKnownFileType = sourcecode.swift; path = UserModel.swift; sourceTree = "<group>"; };
		59A948081CEAD82100DE5508 /* RestaurantService.swift */ = {isa = PBXFileReference; fileEncoding = 4; lastKnownFileType = sourcecode.swift; path = RestaurantService.swift; sourceTree = "<group>"; };
		59A948091CEAD82100DE5508 /* UserServices.swift */ = {isa = PBXFileReference; fileEncoding = 4; lastKnownFileType = sourcecode.swift; path = UserServices.swift; sourceTree = "<group>"; };
		59A9480B1CEAD82100DE5508 /* RestaurantTableViewCell.swift */ = {isa = PBXFileReference; fileEncoding = 4; lastKnownFileType = sourcecode.swift; path = RestaurantTableViewCell.swift; sourceTree = "<group>"; };
		59E40A701CEAD6BF0018F17F /* Restaurants.app */ = {isa = PBXFileReference; explicitFileType = wrapper.application; includeInIndex = 0; path = Restaurants.app; sourceTree = BUILT_PRODUCTS_DIR; };
		59E40A731CEAD6BF0018F17F /* AppDelegate.swift */ = {isa = PBXFileReference; lastKnownFileType = sourcecode.swift; path = AppDelegate.swift; sourceTree = "<group>"; };
		59E40A751CEAD6BF0018F17F /* ViewController.swift */ = {isa = PBXFileReference; lastKnownFileType = sourcecode.swift; path = ViewController.swift; sourceTree = "<group>"; };
		59E40A781CEAD6BF0018F17F /* Base */ = {isa = PBXFileReference; lastKnownFileType = file.storyboard; name = Base; path = Base.lproj/Main.storyboard; sourceTree = "<group>"; };
		59E40A7B1CEAD6BF0018F17F /* Restaurants.xcdatamodel */ = {isa = PBXFileReference; lastKnownFileType = wrapper.xcdatamodel; path = Restaurants.xcdatamodel; sourceTree = "<group>"; };
		59E40A7D1CEAD6BF0018F17F /* Assets.xcassets */ = {isa = PBXFileReference; lastKnownFileType = folder.assetcatalog; path = Assets.xcassets; sourceTree = "<group>"; };
		59E40A801CEAD6BF0018F17F /* Base */ = {isa = PBXFileReference; lastKnownFileType = file.storyboard; name = Base; path = Base.lproj/LaunchScreen.storyboard; sourceTree = "<group>"; };
		59E40A821CEAD6BF0018F17F /* Info.plist */ = {isa = PBXFileReference; lastKnownFileType = text.plist.xml; path = Info.plist; sourceTree = "<group>"; };
		6C19C0FD6660E8B62C1ACEC6 /* Pods_Restaurants.framework */ = {isa = PBXFileReference; explicitFileType = wrapper.framework; includeInIndex = 0; path = Pods_Restaurants.framework; sourceTree = BUILT_PRODUCTS_DIR; };
		6C5B668DBD4D70DAA3A7303B /* Pods-Restaurants.debug.xcconfig */ = {isa = PBXFileReference; includeInIndex = 1; lastKnownFileType = text.xcconfig; name = "Pods-Restaurants.debug.xcconfig"; path = "Pods/Target Support Files/Pods-Restaurants/Pods-Restaurants.debug.xcconfig"; sourceTree = "<group>"; };
/* End PBXFileReference section */

/* Begin PBXFrameworksBuildPhase section */
		59E40A6D1CEAD6BF0018F17F /* Frameworks */ = {
			isa = PBXFrameworksBuildPhase;
			buildActionMask = 2147483647;
			files = (
				09C0965549D62906D322AE01 /* Pods_Restaurants.framework in Frameworks */,
			);
			runOnlyForDeploymentPostprocessing = 0;
		};
/* End PBXFrameworksBuildPhase section */

/* Begin PBXGroup section */
		40F900A30C35456ECCFB3234 /* Frameworks */ = {
			isa = PBXGroup;
			children = (
				6C19C0FD6660E8B62C1ACEC6 /* Pods_Restaurants.framework */,
			);
			name = Frameworks;
			sourceTree = "<group>";
		};
		59A947FE1CEAD82100DE5508 /* Controllers */ = {
			isa = PBXGroup;
			children = (
				59A947FF1CEAD82100DE5508 /* DetailTableViewController.swift */,
				59A948001CEAD82100DE5508 /* RestaurantListTableViewController.swift */,
				59A948011CEAD82100DE5508 /* WebpageViewController.swift */,
				59051BBD1CED7A1100BE5BE4 /* MapViewController.swift */,
			);
			path = Controllers;
			sourceTree = "<group>";
		};
		59A948021CEAD82100DE5508 /* Models */ = {
			isa = PBXGroup;
			children = (
				59A948031CEAD82100DE5508 /* Restaurant.swift */,
				59A948041CEAD82100DE5508 /* RestaurantModel.swift */,
				59A948051CEAD82100DE5508 /* User.swift */,
				59A948061CEAD82100DE5508 /* UserModel.swift */,
			);
			path = Models;
			sourceTree = "<group>";
		};
		59A948071CEAD82100DE5508 /* Services */ = {
			isa = PBXGroup;
			children = (
				59A948081CEAD82100DE5508 /* RestaurantService.swift */,
				59A948091CEAD82100DE5508 /* UserServices.swift */,
			);
			path = Services;
			sourceTree = "<group>";
		};
		59A9480A1CEAD82100DE5508 /* Views */ = {
			isa = PBXGroup;
			children = (
				59A9480B1CEAD82100DE5508 /* RestaurantTableViewCell.swift */,
			);
			path = Views;
			sourceTree = "<group>";
		};
		59E40A671CEAD6BF0018F17F = {
			isa = PBXGroup;
			children = (
				59E40A721CEAD6BF0018F17F /* Restaurants */,
				59E40A711CEAD6BF0018F17F /* Products */,
				FF58374BD34B889A795F97C4 /* Pods */,
				40F900A30C35456ECCFB3234 /* Frameworks */,
			);
			sourceTree = "<group>";
		};
		59E40A711CEAD6BF0018F17F /* Products */ = {
			isa = PBXGroup;
			children = (
				59E40A701CEAD6BF0018F17F /* Restaurants.app */,
			);
			name = Products;
			sourceTree = "<group>";
		};
		59E40A721CEAD6BF0018F17F /* Restaurants */ = {
			isa = PBXGroup;
			children = (
				59A947FE1CEAD82100DE5508 /* Controllers */,
				59A948021CEAD82100DE5508 /* Models */,
				59A948071CEAD82100DE5508 /* Services */,
				59A9480A1CEAD82100DE5508 /* Views */,
				59E40A731CEAD6BF0018F17F /* AppDelegate.swift */,
				59E40A751CEAD6BF0018F17F /* ViewController.swift */,
				59E40A771CEAD6BF0018F17F /* Main.storyboard */,
				59E40A7D1CEAD6BF0018F17F /* Assets.xcassets */,
				59E40A7F1CEAD6BF0018F17F /* LaunchScreen.storyboard */,
				59E40A821CEAD6BF0018F17F /* Info.plist */,
				59E40A7A1CEAD6BF0018F17F /* Restaurants.xcdatamodeld */,
			);
			path = Restaurants;
			sourceTree = "<group>";
		};
		FF58374BD34B889A795F97C4 /* Pods */ = {
			isa = PBXGroup;
			children = (
				6C5B668DBD4D70DAA3A7303B /* Pods-Restaurants.debug.xcconfig */,
				3FB972E6BB07E291908973D5 /* Pods-Restaurants.release.xcconfig */,
			);
			name = Pods;
			sourceTree = "<group>";
		};
/* End PBXGroup section */

/* Begin PBXNativeTarget section */
		59E40A6F1CEAD6BF0018F17F /* Restaurants */ = {
			isa = PBXNativeTarget;
			buildConfigurationList = 59E40A851CEAD6BF0018F17F /* Build configuration list for PBXNativeTarget "Restaurants" */;
			buildPhases = (
				DF86651086801F97C30ACFFB /* 📦 Check Pods Manifest.lock */,
				59E40A6C1CEAD6BF0018F17F /* Sources */,
				59E40A6D1CEAD6BF0018F17F /* Frameworks */,
				59E40A6E1CEAD6BF0018F17F /* Resources */,
				C9EC44D968AA6E475B0A661F /* 📦 Embed Pods Frameworks */,
				7220778148FA5B2B52FF8A7B /* 📦 Copy Pods Resources */,
			);
			buildRules = (
			);
			dependencies = (
			);
			name = Restaurants;
			productName = Restaurants;
			productReference = 59E40A701CEAD6BF0018F17F /* Restaurants.app */;
			productType = "com.apple.product-type.application";
		};
/* End PBXNativeTarget section */

/* Begin PBXProject section */
		59E40A681CEAD6BF0018F17F /* Project object */ = {
			isa = PBXProject;
			attributes = {
				LastSwiftUpdateCheck = 0730;
				LastUpgradeCheck = 0730;
				ORGANIZATIONNAME = Eafit;
				TargetAttributes = {
					59E40A6F1CEAD6BF0018F17F = {
						CreatedOnToolsVersion = 7.3;
						DevelopmentTeam = 97A6C3P4AZ;
					};
				};
			};
			buildConfigurationList = 59E40A6B1CEAD6BF0018F17F /* Build configuration list for PBXProject "Restaurants" */;
			compatibilityVersion = "Xcode 3.2";
			developmentRegion = English;
			hasScannedForEncodings = 0;
			knownRegions = (
				en,
				Base,
			);
			mainGroup = 59E40A671CEAD6BF0018F17F;
			productRefGroup = 59E40A711CEAD6BF0018F17F /* Products */;
			projectDirPath = "";
			projectRoot = "";
			targets = (
				59E40A6F1CEAD6BF0018F17F /* Restaurants */,
			);
		};
/* End PBXProject section */

/* Begin PBXResourcesBuildPhase section */
		59E40A6E1CEAD6BF0018F17F /* Resources */ = {
			isa = PBXResourcesBuildPhase;
			buildActionMask = 2147483647;
			files = (
				59E40A811CEAD6BF0018F17F /* LaunchScreen.storyboard in Resources */,
				59E40A7E1CEAD6BF0018F17F /* Assets.xcassets in Resources */,
				59E40A791CEAD6BF0018F17F /* Main.storyboard in Resources */,
			);
			runOnlyForDeploymentPostprocessing = 0;
		};
/* End PBXResourcesBuildPhase section */

/* Begin PBXShellScriptBuildPhase section */
		7220778148FA5B2B52FF8A7B /* 📦 Copy Pods Resources */ = {
			isa = PBXShellScriptBuildPhase;
			buildActionMask = 2147483647;
			files = (
			);
			inputPaths = (
			);
			name = "📦 Copy Pods Resources";
			outputPaths = (
			);
			runOnlyForDeploymentPostprocessing = 0;
			shellPath = /bin/sh;
			shellScript = "\"${SRCROOT}/Pods/Target Support Files/Pods-Restaurants/Pods-Restaurants-resources.sh\"\n";
			showEnvVarsInLog = 0;
		};
		C9EC44D968AA6E475B0A661F /* 📦 Embed Pods Frameworks */ = {
			isa = PBXShellScriptBuildPhase;
			buildActionMask = 2147483647;
			files = (
			);
			inputPaths = (
			);
			name = "📦 Embed Pods Frameworks";
			outputPaths = (
			);
			runOnlyForDeploymentPostprocessing = 0;
			shellPath = /bin/sh;
			shellScript = "\"${SRCROOT}/Pods/Target Support Files/Pods-Restaurants/Pods-Restaurants-frameworks.sh\"\n";
			showEnvVarsInLog = 0;
		};
		DF86651086801F97C30ACFFB /* 📦 Check Pods Manifest.lock */ = {
			isa = PBXShellScriptBuildPhase;
			buildActionMask = 2147483647;
			files = (
			);
			inputPaths = (
			);
			name = "📦 Check Pods Manifest.lock";
			outputPaths = (
			);
			runOnlyForDeploymentPostprocessing = 0;
			shellPath = /bin/sh;
			shellScript = "diff \"${PODS_ROOT}/../Podfile.lock\" \"${PODS_ROOT}/Manifest.lock\" > /dev/null\nif [[ $? != 0 ]] ; then\n    cat << EOM\nerror: The sandbox is not in sync with the Podfile.lock. Run 'pod install' or update your CocoaPods installation.\nEOM\n    exit 1\nfi\n";
			showEnvVarsInLog = 0;
		};
/* End PBXShellScriptBuildPhase section */

/* Begin PBXSourcesBuildPhase section */
		59E40A6C1CEAD6BF0018F17F /* Sources */ = {
			isa = PBXSourcesBuildPhase;
			buildActionMask = 2147483647;
			files = (
				59A948131CEAD82100DE5508 /* RestaurantService.swift in Sources */,
				59A9480C1CEAD82100DE5508 /* DetailTableViewController.swift in Sources */,
				59E40A761CEAD6BF0018F17F /* ViewController.swift in Sources */,
				59A948101CEAD82100DE5508 /* RestaurantModel.swift in Sources */,
				59A948141CEAD82100DE5508 /* UserServices.swift in Sources */,
				59A9480E1CEAD82100DE5508 /* WebpageViewController.swift in Sources */,
				59A9480F1CEAD82100DE5508 /* Restaurant.swift in Sources */,
				59A948111CEAD82100DE5508 /* User.swift in Sources */,
				59A9480D1CEAD82100DE5508 /* RestaurantListTableViewController.swift in Sources */,
				59E40A741CEAD6BF0018F17F /* AppDelegate.swift in Sources */,
				59A948121CEAD82100DE5508 /* UserModel.swift in Sources */,
				59A948151CEAD82100DE5508 /* RestaurantTableViewCell.swift in Sources */,
				59E40A7C1CEAD6BF0018F17F /* Restaurants.xcdatamodeld in Sources */,
				59051BBE1CED7A1100BE5BE4 /* MapViewController.swift in Sources */,
			);
			runOnlyForDeploymentPostprocessing = 0;
		};
/* End PBXSourcesBuildPhase section */

/* Begin PBXVariantGroup section */
		59E40A771CEAD6BF0018F17F /* Main.storyboard */ = {
			isa = PBXVariantGroup;
			children = (
				59E40A781CEAD6BF0018F17F /* Base */,
			);
			name = Main.storyboard;
			sourceTree = "<group>";
		};
		59E40A7F1CEAD6BF0018F17F /* LaunchScreen.storyboard */ = {
			isa = PBXVariantGroup;
			children = (
				59E40A801CEAD6BF0018F17F /* Base */,
			);
			name = LaunchScreen.storyboard;
			sourceTree = "<group>";
		};
/* End PBXVariantGroup section */

/* Begin XCBuildConfiguration section */
		59E40A831CEAD6BF0018F17F /* Debug */ = {
			isa = XCBuildConfiguration;
			buildSettings = {
				ALWAYS_SEARCH_USER_PATHS = NO;
				CLANG_ANALYZER_NONNULL = YES;
				CLANG_CXX_LANGUAGE_STANDARD = "gnu++0x";
				CLANG_CXX_LIBRARY = "libc++";
				CLANG_ENABLE_MODULES = YES;
				CLANG_ENABLE_OBJC_ARC = YES;
				CLANG_WARN_BOOL_CONVERSION = YES;
				CLANG_WARN_CONSTANT_CONVERSION = YES;
				CLANG_WARN_DIRECT_OBJC_ISA_USAGE = YES_ERROR;
				CLANG_WARN_EMPTY_BODY = YES;
				CLANG_WARN_ENUM_CONVERSION = YES;
				CLANG_WARN_INT_CONVERSION = YES;
				CLANG_WARN_OBJC_ROOT_CLASS = YES_ERROR;
				CLANG_WARN_UNREACHABLE_CODE = YES;
				CLANG_WARN__DUPLICATE_METHOD_MATCH = YES;
				"CODE_SIGN_IDENTITY[sdk=iphoneos*]" = "iPhone Developer";
				COPY_PHASE_STRIP = NO;
				DEBUG_INFORMATION_FORMAT = dwarf;
				ENABLE_STRICT_OBJC_MSGSEND = YES;
				ENABLE_TESTABILITY = YES;
				GCC_C_LANGUAGE_STANDARD = gnu99;
				GCC_DYNAMIC_NO_PIC = NO;
				GCC_NO_COMMON_BLOCKS = YES;
				GCC_OPTIMIZATION_LEVEL = 0;
				GCC_PREPROCESSOR_DEFINITIONS = (
					"DEBUG=1",
					"$(inherited)",
				);
				GCC_WARN_64_TO_32_BIT_CONVERSION = YES;
				GCC_WARN_ABOUT_RETURN_TYPE = YES_ERROR;
				GCC_WARN_UNDECLARED_SELECTOR = YES;
				GCC_WARN_UNINITIALIZED_AUTOS = YES_AGGRESSIVE;
				GCC_WARN_UNUSED_FUNCTION = YES;
				GCC_WARN_UNUSED_VARIABLE = YES;
				IPHONEOS_DEPLOYMENT_TARGET = 9.3;
				MTL_ENABLE_DEBUG_INFO = YES;
				ONLY_ACTIVE_ARCH = YES;
				SDKROOT = iphoneos;
				SWIFT_OPTIMIZATION_LEVEL = "-Onone";
				TARGETED_DEVICE_FAMILY = "1,2";
			};
			name = Debug;
		};
		59E40A841CEAD6BF0018F17F /* Release */ = {
			isa = XCBuildConfiguration;
			buildSettings = {
				ALWAYS_SEARCH_USER_PATHS = NO;
				CLANG_ANALYZER_NONNULL = YES;
				CLANG_CXX_LANGUAGE_STANDARD = "gnu++0x";
				CLANG_CXX_LIBRARY = "libc++";
				CLANG_ENABLE_MODULES = YES;
				CLANG_ENABLE_OBJC_ARC = YES;
				CLANG_WARN_BOOL_CONVERSION = YES;
				CLANG_WARN_CONSTANT_CONVERSION = YES;
				CLANG_WARN_DIRECT_OBJC_ISA_USAGE = YES_ERROR;
				CLANG_WARN_EMPTY_BODY = YES;
				CLANG_WARN_ENUM_CONVERSION = YES;
				CLANG_WARN_INT_CONVERSION = YES;
				CLANG_WARN_OBJC_ROOT_CLASS = YES_ERROR;
				CLANG_WARN_UNREACHABLE_CODE = YES;
				CLANG_WARN__DUPLICATE_METHOD_MATCH = YES;
				"CODE_SIGN_IDENTITY[sdk=iphoneos*]" = "iPhone Developer";
				COPY_PHASE_STRIP = NO;
				DEBUG_INFORMATION_FORMAT = "dwarf-with-dsym";
				ENABLE_NS_ASSERTIONS = NO;
				ENABLE_STRICT_OBJC_MSGSEND = YES;
				GCC_C_LANGUAGE_STANDARD = gnu99;
				GCC_NO_COMMON_BLOCKS = YES;
				GCC_WARN_64_TO_32_BIT_CONVERSION = YES;
				GCC_WARN_ABOUT_RETURN_TYPE = YES_ERROR;
				GCC_WARN_UNDECLARED_SELECTOR = YES;
				GCC_WARN_UNINITIALIZED_AUTOS = YES_AGGRESSIVE;
				GCC_WARN_UNUSED_FUNCTION = YES;
				GCC_WARN_UNUSED_VARIABLE = YES;
				IPHONEOS_DEPLOYMENT_TARGET = 9.3;
				MTL_ENABLE_DEBUG_INFO = NO;
				SDKROOT = iphoneos;
				TARGETED_DEVICE_FAMILY = "1,2";
				VALIDATE_PRODUCT = YES;
			};
			name = Release;
		};
		59E40A861CEAD6BF0018F17F /* Debug */ = {
			isa = XCBuildConfiguration;
			baseConfigurationReference = 6C5B668DBD4D70DAA3A7303B /* Pods-Restaurants.debug.xcconfig */;
			buildSettings = {
				ASSETCATALOG_COMPILER_APPICON_NAME = AppIcon;
				CODE_SIGN_IDENTITY = "iPhone Developer";
				"CODE_SIGN_IDENTITY[sdk=iphoneos*]" = "iPhone Developer";
				INFOPLIST_FILE = Restaurants/Info.plist;
				LD_RUNPATH_SEARCH_PATHS = "$(inherited) @executable_path/Frameworks";
				PRODUCT_BUNDLE_IDENTIFIER = co.edu.eafit.develop.ios.Restaurants;
				PRODUCT_NAME = "$(TARGET_NAME)";
				PROVISIONING_PROFILE = "";
			};
			name = Debug;
		};
		59E40A871CEAD6BF0018F17F /* Release */ = {
			isa = XCBuildConfiguration;
			baseConfigurationReference = 3FB972E6BB07E291908973D5 /* Pods-Restaurants.release.xcconfig */;
			buildSettings = {
				ASSETCATALOG_COMPILER_APPICON_NAME = AppIcon;
				CODE_SIGN_IDENTITY = "iPhone Developer";
				"CODE_SIGN_IDENTITY[sdk=iphoneos*]" = "iPhone Developer";
				INFOPLIST_FILE = Restaurants/Info.plist;
				LD_RUNPATH_SEARCH_PATHS = "$(inherited) @executable_path/Frameworks";
				PRODUCT_BUNDLE_IDENTIFIER = co.edu.eafit.develop.ios.Restaurants;
				PRODUCT_NAME = "$(TARGET_NAME)";
				PROVISIONING_PROFILE = "";
			};
			name = Release;
		};
/* End XCBuildConfiguration section */

/* Begin XCConfigurationList section */
		59E40A6B1CEAD6BF0018F17F /* Build configuration list for PBXProject "Restaurants" */ = {
			isa = XCConfigurationList;
			buildConfigurations = (
				59E40A831CEAD6BF0018F17F /* Debug */,
				59E40A841CEAD6BF0018F17F /* Release */,
			);
			defaultConfigurationIsVisible = 0;
			defaultConfigurationName = Release;
		};
		59E40A851CEAD6BF0018F17F /* Build configuration list for PBXNativeTarget "Restaurants" */ = {
			isa = XCConfigurationList;
			buildConfigurations = (
				59E40A861CEAD6BF0018F17F /* Debug */,
				59E40A871CEAD6BF0018F17F /* Release */,
			);
			defaultConfigurationIsVisible = 0;
			defaultConfigurationName = Release;
		};
/* End XCConfigurationList section */

/* Begin XCVersionGroup section */
		59E40A7A1CEAD6BF0018F17F /* Restaurants.xcdatamodeld */ = {
			isa = XCVersionGroup;
			children = (
				59E40A7B1CEAD6BF0018F17F /* Restaurants.xcdatamodel */,
			);
			currentVersion = 59E40A7B1CEAD6BF0018F17F /* Restaurants.xcdatamodel */;
			path = Restaurants.xcdatamodeld;
			sourceTree = "<group>";
			versionGroupType = wrapper.xcdatamodel;
		};
/* End XCVersionGroup section */
	};
	rootObject = 59E40A681CEAD6BF0018F17F /* Project object */;
}
